
Microsoft Visual Studio Solution File, Format Version 12.00
# Visual Studio 15
VisualStudioVersion = 15.0.27004.2005
MinimumVisualStudioVersion = 10.0.40219.1
Project("{FAE04EC0-301F-11D3-BF4B-00C04F79EFBC}") = "ISO13370", "ISO13370\ISO13370.csproj", "{86E5C07A-4B9F-47D4-80C4-2F8012495CF4}"
EndProject
Project("{FAE04EC0-301F-11D3-BF4B-00C04F79EFBC}") = "Engine", "Engine\Engine.csproj", "{B15DDFC4-C3BA-42CC-ACC9-7A4720276F1C}"
EndProject
Project("{FAE04EC0-301F-11D3-BF4B-00C04F79EFBC}") = "EngineUnitTests", "EngineUnitTests\EngineUnitTests.csproj", "{AE751842-699A-410E-9FAB-BA0ECFAB9245}"
EndProject
Project("{FAE04EC0-301F-11D3-BF4B-00C04F79EFBC}") = "Visual", "Visual 2\Visual.csproj", "{3464ADFA-F555-4F7C-BF8C-22DCD081E537}"
EndProject
Global
	GlobalSection(SolutionConfigurationPlatforms) = preSolution
		Debug|Any CPU = Debug|Any CPU
		Debug|ARM = Debug|ARM
		Debug|x64 = Debug|x64
		Debug|x86 = Debug|x86
		Release|Any CPU = Release|Any CPU
		Release|ARM = Release|ARM
		Release|x64 = Release|x64
		Release|x86 = Release|x86
	EndGlobalSection
	GlobalSection(ProjectConfigurationPlatforms) = postSolution
		{86E5C07A-4B9F-47D4-80C4-2F8012495CF4}.Debug|Any CPU.ActiveCfg = Debug|Any CPU
		{86E5C07A-4B9F-47D4-80C4-2F8012495CF4}.Debug|Any CPU.Build.0 = Debug|Any CPU
		{86E5C07A-4B9F-47D4-80C4-2F8012495CF4}.Debug|ARM.ActiveCfg = Debug|Any CPU
		{86E5C07A-4B9F-47D4-80C4-2F8012495CF4}.Debug|ARM.Build.0 = Debug|Any CPU
		{86E5C07A-4B9F-47D4-80C4-2F8012495CF4}.Debug|x64.ActiveCfg = Debug|Any CPU
		{86E5C07A-4B9F-47D4-80C4-2F8012495CF4}.Debug|x64.Build.0 = Debug|Any CPU
		{86E5C07A-4B9F-47D4-80C4-2F8012495CF4}.Debug|x86.ActiveCfg = Debug|Any CPU
		{86E5C07A-4B9F-47D4-80C4-2F8012495CF4}.Debug|x86.Build.0 = Debug|Any CPU
		{86E5C07A-4B9F-47D4-80C4-2F8012495CF4}.Release|Any CPU.ActiveCfg = Release|Any CPU
		{86E5C07A-4B9F-47D4-80C4-2F8012495CF4}.Release|Any CPU.Build.0 = Release|Any CPU
		{86E5C07A-4B9F-47D4-80C4-2F8012495CF4}.Release|ARM.ActiveCfg = Release|Any CPU
		{86E5C07A-4B9F-47D4-80C4-2F8012495CF4}.Release|ARM.Build.0 = Release|Any CPU
		{86E5C07A-4B9F-47D4-80C4-2F8012495CF4}.Release|x64.ActiveCfg = Release|Any CPU
		{86E5C07A-4B9F-47D4-80C4-2F8012495CF4}.Release|x64.Build.0 = Release|Any CPU
		{86E5C07A-4B9F-47D4-80C4-2F8012495CF4}.Release|x86.ActiveCfg = Release|Any CPU
		{86E5C07A-4B9F-47D4-80C4-2F8012495CF4}.Release|x86.Build.0 = Release|Any CPU
		{B15DDFC4-C3BA-42CC-ACC9-7A4720276F1C}.Debug|Any CPU.ActiveCfg = Debug|Any CPU
		{B15DDFC4-C3BA-42CC-ACC9-7A4720276F1C}.Debug|Any CPU.Build.0 = Debug|Any CPU
		{B15DDFC4-C3BA-42CC-ACC9-7A4720276F1C}.Debug|ARM.ActiveCfg = Debug|Any CPU
		{B15DDFC4-C3BA-42CC-ACC9-7A4720276F1C}.Debug|ARM.Build.0 = Debug|Any CPU
		{B15DDFC4-C3BA-42CC-ACC9-7A4720276F1C}.Debug|x64.ActiveCfg = Debug|Any CPU
		{B15DDFC4-C3BA-42CC-ACC9-7A4720276F1C}.Debug|x64.Build.0 = Debug|Any CPU
		{B15DDFC4-C3BA-42CC-ACC9-7A4720276F1C}.Debug|x86.ActiveCfg = Debug|Any CPU
		{B15DDFC4-C3BA-42CC-ACC9-7A4720276F1C}.Debug|x86.Build.0 = Debug|Any CPU
		{B15DDFC4-C3BA-42CC-ACC9-7A4720276F1C}.Release|Any CPU.ActiveCfg = Release|Any CPU
		{B15DDFC4-C3BA-42CC-ACC9-7A4720276F1C}.Release|Any CPU.Build.0 = Release|Any CPU
		{B15DDFC4-C3BA-42CC-ACC9-7A4720276F1C}.Release|ARM.ActiveCfg = Release|Any CPU
		{B15DDFC4-C3BA-42CC-ACC9-7A4720276F1C}.Release|ARM.Build.0 = Release|Any CPU
		{B15DDFC4-C3BA-42CC-ACC9-7A4720276F1C}.Release|x64.ActiveCfg = Release|Any CPU
		{B15DDFC4-C3BA-42CC-ACC9-7A4720276F1C}.Release|x64.Build.0 = Release|Any CPU
		{B15DDFC4-C3BA-42CC-ACC9-7A4720276F1C}.Release|x86.ActiveCfg = Release|Any CPU
		{B15DDFC4-C3BA-42CC-ACC9-7A4720276F1C}.Release|x86.Build.0 = Release|Any CPU
		{AE751842-699A-410E-9FAB-BA0ECFAB9245}.Debug|Any CPU.ActiveCfg = Debug|Any CPU
		{AE751842-699A-410E-9FAB-BA0ECFAB9245}.Debug|Any CPU.Build.0 = Debug|Any CPU
		{AE751842-699A-410E-9FAB-BA0ECFAB9245}.Debug|ARM.ActiveCfg = Debug|Any CPU
		{AE751842-699A-410E-9FAB-BA0ECFAB9245}.Debug|ARM.Build.0 = Debug|Any CPU
		{AE751842-699A-410E-9FAB-BA0ECFAB9245}.Debug|x64.ActiveCfg = Debug|Any CPU
		{AE751842-699A-410E-9FAB-BA0ECFAB9245}.Debug|x64.Build.0 = Debug|Any CPU
		{AE751842-699A-410E-9FAB-BA0ECFAB9245}.Debug|x86.ActiveCfg = Debug|Any CPU
		{AE751842-699A-410E-9FAB-BA0ECFAB9245}.Debug|x86.Build.0 = Debug|Any CPU
		{AE751842-699A-410E-9FAB-BA0ECFAB9245}.Release|Any CPU.ActiveCfg = Release|Any CPU
		{AE751842-699A-410E-9FAB-BA0ECFAB9245}.Release|Any CPU.Build.0 = Release|Any CPU
		{AE751842-699A-410E-9FAB-BA0ECFAB9245}.Release|ARM.ActiveCfg = Release|Any CPU
		{AE751842-699A-410E-9FAB-BA0ECFAB9245}.Release|ARM.Build.0 = Release|Any CPU
		{AE751842-699A-410E-9FAB-BA0ECFAB9245}.Release|x64.ActiveCfg = Release|Any CPU
		{AE751842-699A-410E-9FAB-BA0ECFAB9245}.Release|x64.Build.0 = Release|Any CPU
		{AE751842-699A-410E-9FAB-BA0ECFAB9245}.Release|x86.ActiveCfg = Release|Any CPU
		{AE751842-699A-410E-9FAB-BA0ECFAB9245}.Release|x86.Build.0 = Release|Any CPU
		{3464ADFA-F555-4F7C-BF8C-22DCD081E537}.Debug|Any CPU.ActiveCfg = Debug|Any CPU
		{3464ADFA-F555-4F7C-BF8C-22DCD081E537}.Debug|Any CPU.Build.0 = Debug|Any CPU
		{3464ADFA-F555-4F7C-BF8C-22DCD081E537}.Debug|ARM.ActiveCfg = Debug|Any CPU
		{3464ADFA-F555-4F7C-BF8C-22DCD081E537}.Debug|ARM.Build.0 = Debug|Any CPU
		{3464ADFA-F555-4F7C-BF8C-22DCD081E537}.Debug|x64.ActiveCfg = Debug|Any CPU
		{3464ADFA-F555-4F7C-BF8C-22DCD081E537}.Debug|x64.Build.0 = Debug|Any CPU
		{3464ADFA-F555-4F7C-BF8C-22DCD081E537}.Debug|x86.ActiveCfg = Debug|Any CPU
		{3464ADFA-F555-4F7C-BF8C-22DCD081E537}.Debug|x86.Build.0 = Debug|Any CPU
		{3464ADFA-F555-4F7C-BF8C-22DCD081E537}.Release|Any CPU.ActiveCfg = Release|Any CPU
		{3464ADFA-F555-4F7C-BF8C-22DCD081E537}.Release|Any CPU.Build.0 = Release|Any CPU
		{3464ADFA-F555-4F7C-BF8C-22DCD081E537}.Release|ARM.ActiveCfg = Release|Any CPU
		{3464ADFA-F555-4F7C-BF8C-22DCD081E537}.Release|ARM.Build.0 = Release|Any CPU
		{3464ADFA-F555-4F7C-BF8C-22DCD081E537}.Release|x64.ActiveCfg = Release|Any CPU
		{3464ADFA-F555-4F7C-BF8C-22DCD081E537}.Release|x64.Build.0 = Release|Any CPU
		{3464ADFA-F555-4F7C-BF8C-22DCD081E537}.Release|x86.ActiveCfg = Release|Any CPU
		{3464ADFA-F555-4F7C-BF8C-22DCD081E537}.Release|x86.Build.0 = Release|Any CPU
	EndGlobalSection
	GlobalSection(SolutionProperties) = preSolution
		HideSolutionNode = FALSE
	EndGlobalSection
	GlobalSection(ExtensibilityGlobals) = postSolution
		SolutionGuid = {1B15397A-D557-4D4F-BE0B-87A196D59CB1}
	EndGlobalSection
EndGlobal
